{
  "version": 4,
  "terraform_version": "1.3.7",
  "serial": 30,
  "lineage": "126ba358-8c91-1379-4093-47763767cded",
  "outputs": {
    "config_map_aws_auth": {
      "value": "apiVersion: v1\r\nkind: ConfigMap\r\nmetadata:\r\n  name: aws-auth\r\n  namespace: kube-system\r\ndata:\r\n  mapRoles: |\r\n    - rolearn: arn:aws:iam::916639932950:role/eks-nodes-role\r\n      username: system:node:{{EC2PrivateDNSName}}\r\n      groups:\r\n        - system:bootstrappers\r\n        - system:nodes\r\n",
      "type": "string"
    },
    "endpoint": {
      "value": "https://32C3EBE57E82370BADFD097564524040.gr7.us-east-1.eks.amazonaws.com",
      "type": "string"
    },
    "kubeconfig": {
      "value": "apiVersion: v1\r\nclusters:\r\n- cluster:\r\n    server: https://32C3EBE57E82370BADFD097564524040.gr7.us-east-1.eks.amazonaws.com\r\n    certificate-authority-data: LS0tLS1CRUdJTiBDRVJUSUZJQ0FURS0tLS0tCk1JSUMvakNDQWVhZ0F3SUJBZ0lCQURBTkJna3Foa2lHOXcwQkFRc0ZBREFWTVJNd0VRWURWUVFERXdwcmRXSmwKY201bGRHVnpNQjRYRFRJek1ETXlNREUwTWpreU5Gb1hEVE16TURNeE56RTBNamt5TkZvd0ZURVRNQkVHQTFVRQpBeE1LYTNWaVpYSnVaWFJsY3pDQ0FTSXdEUVlKS29aSWh2Y05BUUVCQlFBRGdnRVBBRENDQVFvQ2dnRUJBTjIxCm12bE9CWlFmS3FZWHh2cGZld2I0WjlQbDRSNkdQeThpdkhBWlNTdzRZUkdKSExweTF5dWxJbUtGTURrNVQwNmwKRmFMbTI1bERYbWtwdzJTbWJNaVE0V2xpTldJM2wwUE1jVFBmOU04b2p5NEF2Vk5UUmZQb0xTM0U3bm9qb0pDZApaK0ZSVnBIOVk1eG5JTUVMK2xJazU3ekR4Smx0TGt0N0hnZ1N0K0xrT1oxSnBLYTdxQW44ZVdBSjZ1amZkc3hGCmg3b0Y5WVBKWkQvTFdGTUlnazlMVG1vR25XQkFrUkdCSy9uQ0wxVTlyOHRScDVVeWZCbzRlK3duWFdpdjRtbXEKOTh1OWFYUFdFWVFsTlhDdG82cWY5by9sbnRjYk55U1Q2VnJHNXNiYUFML1RrTUFtNEdRN0RzTFN4MUNzUm84QwpZR2pqV1NHTVZDZzA2UWJqRHZjQ0F3RUFBYU5aTUZjd0RnWURWUjBQQVFIL0JBUURBZ0trTUE4R0ExVWRFd0VCCi93UUZNQU1CQWY4d0hRWURWUjBPQkJZRUZCSXh4QnNNNlNwUmpIaUJyZWNZZDVta1NhalFNQlVHQTFVZEVRUU8KTUF5Q0NtdDFZbVZ5Ym1WMFpYTXdEUVlKS29aSWh2Y05BUUVMQlFBRGdnRUJBTmlOaENoMkZ6clRzMUVOeHZyTQo3SFN3UzQ4ZzZVVUpsUG90QitkVnlHejJEUkpEUUtFeVFOZnJGWEZxZWJZM3NUYTIxbGdTUWhlV3RiTkZ2YmVRCnBMcURpNG4yRlUwdUMxbUFoOVdlVXVrMzA1cFU1b3lnODNzNUpHSG1tL2VHd1lNQWhpTkQyMVI1L0hmYi9KR2QKMWViMDVrbDhHKzdQUmxrLytCNHpZYzJ4MlNKN3o3WnZkQ2JJSlpQZGZvQ0xXZ2NHQU9jNTd2ekxNK2gxQ3lZMAo3Q2ZpYUdyS1JvOG05ZnFQMUxVVHhEdmtMU1NxbmhhdFRXcEZWZUZmMTJXZDNObmdIYUZCeExlT1dlV2w0UUhIClE0MzllM3lMUE5JeC9GWlpmUHp6ajRHL3NwVGhVQkw5TVNiUzE5K1lQKy80L2duY29hZjBHbis4VFlzYkwyMUgKcS9vPQotLS0tLUVORCBDRVJUSUZJQ0FURS0tLS0tCg==\r\n  name: kubernetes\r\ncontexts:\r\n- context:\r\n    cluster: kubernetes\r\n    user: aws\r\n  name: aws\r\ncurrent-context: aws\r\nkind: Config\r\npreferences: {}\r\nusers:\r\n- name: aws\r\n  user:\r\n    exec:\r\n      apiVersion: client.authentication.k8s.io/v1beta1\r\n      command: aws-iam-authenticator\r\n      args:\r\n        - \"token\"\r\n        - \"-i\"\r\n        - \"altschool-exam-eks-cluster\"\r\n",
      "type": "string"
    },
    "kubeconfig-certificate-authority-data": {
      "value": "LS0tLS1CRUdJTiBDRVJUSUZJQ0FURS0tLS0tCk1JSUMvakNDQWVhZ0F3SUJBZ0lCQURBTkJna3Foa2lHOXcwQkFRc0ZBREFWTVJNd0VRWURWUVFERXdwcmRXSmwKY201bGRHVnpNQjRYRFRJek1ETXlNREUwTWpreU5Gb1hEVE16TURNeE56RTBNamt5TkZvd0ZURVRNQkVHQTFVRQpBeE1LYTNWaVpYSnVaWFJsY3pDQ0FTSXdEUVlKS29aSWh2Y05BUUVCQlFBRGdnRVBBRENDQVFvQ2dnRUJBTjIxCm12bE9CWlFmS3FZWHh2cGZld2I0WjlQbDRSNkdQeThpdkhBWlNTdzRZUkdKSExweTF5dWxJbUtGTURrNVQwNmwKRmFMbTI1bERYbWtwdzJTbWJNaVE0V2xpTldJM2wwUE1jVFBmOU04b2p5NEF2Vk5UUmZQb0xTM0U3bm9qb0pDZApaK0ZSVnBIOVk1eG5JTUVMK2xJazU3ekR4Smx0TGt0N0hnZ1N0K0xrT1oxSnBLYTdxQW44ZVdBSjZ1amZkc3hGCmg3b0Y5WVBKWkQvTFdGTUlnazlMVG1vR25XQkFrUkdCSy9uQ0wxVTlyOHRScDVVeWZCbzRlK3duWFdpdjRtbXEKOTh1OWFYUFdFWVFsTlhDdG82cWY5by9sbnRjYk55U1Q2VnJHNXNiYUFML1RrTUFtNEdRN0RzTFN4MUNzUm84QwpZR2pqV1NHTVZDZzA2UWJqRHZjQ0F3RUFBYU5aTUZjd0RnWURWUjBQQVFIL0JBUURBZ0trTUE4R0ExVWRFd0VCCi93UUZNQU1CQWY4d0hRWURWUjBPQkJZRUZCSXh4QnNNNlNwUmpIaUJyZWNZZDVta1NhalFNQlVHQTFVZEVRUU8KTUF5Q0NtdDFZbVZ5Ym1WMFpYTXdEUVlKS29aSWh2Y05BUUVMQlFBRGdnRUJBTmlOaENoMkZ6clRzMUVOeHZyTQo3SFN3UzQ4ZzZVVUpsUG90QitkVnlHejJEUkpEUUtFeVFOZnJGWEZxZWJZM3NUYTIxbGdTUWhlV3RiTkZ2YmVRCnBMcURpNG4yRlUwdUMxbUFoOVdlVXVrMzA1cFU1b3lnODNzNUpHSG1tL2VHd1lNQWhpTkQyMVI1L0hmYi9KR2QKMWViMDVrbDhHKzdQUmxrLytCNHpZYzJ4MlNKN3o3WnZkQ2JJSlpQZGZvQ0xXZ2NHQU9jNTd2ekxNK2gxQ3lZMAo3Q2ZpYUdyS1JvOG05ZnFQMUxVVHhEdmtMU1NxbmhhdFRXcEZWZUZmMTJXZDNObmdIYUZCeExlT1dlV2w0UUhIClE0MzllM3lMUE5JeC9GWlpmUHp6ajRHL3NwVGhVQkw5TVNiUzE5K1lQKy80L2duY29hZjBHbis4VFlzYkwyMUgKcS9vPQotLS0tLUVORCBDRVJUSUZJQ0FURS0tLS0tCg==",
      "type": "string"
    }
  },
  "resources": [
    {
      "mode": "data",
      "type": "aws_eks_cluster",
      "name": "eks-cluster",
      "provider": "provider[\"registry.terraform.io/hashicorp/aws\"]",
      "instances": [
        {
          "schema_version": 0,
          "attributes": {
            "arn": "arn:aws:eks:us-east-1:916639932950:cluster/altschool-exam-eks-cluster",
            "certificate_authority": [
              {
                "data": "LS0tLS1CRUdJTiBDRVJUSUZJQ0FURS0tLS0tCk1JSUMvakNDQWVhZ0F3SUJBZ0lCQURBTkJna3Foa2lHOXcwQkFRc0ZBREFWTVJNd0VRWURWUVFERXdwcmRXSmwKY201bGRHVnpNQjRYRFRJek1ETXlNREUwTWpreU5Gb1hEVE16TURNeE56RTBNamt5TkZvd0ZURVRNQkVHQTFVRQpBeE1LYTNWaVpYSnVaWFJsY3pDQ0FTSXdEUVlKS29aSWh2Y05BUUVCQlFBRGdnRVBBRENDQVFvQ2dnRUJBTjIxCm12bE9CWlFmS3FZWHh2cGZld2I0WjlQbDRSNkdQeThpdkhBWlNTdzRZUkdKSExweTF5dWxJbUtGTURrNVQwNmwKRmFMbTI1bERYbWtwdzJTbWJNaVE0V2xpTldJM2wwUE1jVFBmOU04b2p5NEF2Vk5UUmZQb0xTM0U3bm9qb0pDZApaK0ZSVnBIOVk1eG5JTUVMK2xJazU3ekR4Smx0TGt0N0hnZ1N0K0xrT1oxSnBLYTdxQW44ZVdBSjZ1amZkc3hGCmg3b0Y5WVBKWkQvTFdGTUlnazlMVG1vR25XQkFrUkdCSy9uQ0wxVTlyOHRScDVVeWZCbzRlK3duWFdpdjRtbXEKOTh1OWFYUFdFWVFsTlhDdG82cWY5by9sbnRjYk55U1Q2VnJHNXNiYUFML1RrTUFtNEdRN0RzTFN4MUNzUm84QwpZR2pqV1NHTVZDZzA2UWJqRHZjQ0F3RUFBYU5aTUZjd0RnWURWUjBQQVFIL0JBUURBZ0trTUE4R0ExVWRFd0VCCi93UUZNQU1CQWY4d0hRWURWUjBPQkJZRUZCSXh4QnNNNlNwUmpIaUJyZWNZZDVta1NhalFNQlVHQTFVZEVRUU8KTUF5Q0NtdDFZbVZ5Ym1WMFpYTXdEUVlKS29aSWh2Y05BUUVMQlFBRGdnRUJBTmlOaENoMkZ6clRzMUVOeHZyTQo3SFN3UzQ4ZzZVVUpsUG90QitkVnlHejJEUkpEUUtFeVFOZnJGWEZxZWJZM3NUYTIxbGdTUWhlV3RiTkZ2YmVRCnBMcURpNG4yRlUwdUMxbUFoOVdlVXVrMzA1cFU1b3lnODNzNUpHSG1tL2VHd1lNQWhpTkQyMVI1L0hmYi9KR2QKMWViMDVrbDhHKzdQUmxrLytCNHpZYzJ4MlNKN3o3WnZkQ2JJSlpQZGZvQ0xXZ2NHQU9jNTd2ekxNK2gxQ3lZMAo3Q2ZpYUdyS1JvOG05ZnFQMUxVVHhEdmtMU1NxbmhhdFRXcEZWZUZmMTJXZDNObmdIYUZCeExlT1dlV2w0UUhIClE0MzllM3lMUE5JeC9GWlpmUHp6ajRHL3NwVGhVQkw5TVNiUzE5K1lQKy80L2duY29hZjBHbis4VFlzYkwyMUgKcS9vPQotLS0tLUVORCBDRVJUSUZJQ0FURS0tLS0tCg=="
              }
            ],
            "cluster_id": null,
            "created_at": "2023-03-20 14:23:30.903 +0000 UTC",
            "enabled_cluster_log_types": [],
            "endpoint": "https://32C3EBE57E82370BADFD097564524040.gr7.us-east-1.eks.amazonaws.com",
            "id": "altschool-exam-eks-cluster",
            "identity": [
              {
                "oidc": [
                  {
                    "issuer": "https://oidc.eks.us-east-1.amazonaws.com/id/32C3EBE57E82370BADFD097564524040"
                  }
                ]
              }
            ],
            "kubernetes_network_config": [
              {
                "ip_family": "ipv4",
                "service_ipv4_cidr": "172.20.0.0/16",
                "service_ipv6_cidr": ""
              }
            ],
            "name": "altschool-exam-eks-cluster",
            "outpost_config": [],
            "platform_version": "eks.1",
            "role_arn": "arn:aws:iam::916639932950:role/eks-cluster-role",
            "status": "ACTIVE",
            "tags": {},
            "version": "1.25",
            "vpc_config": [
              {
                "cluster_security_group_id": "sg-07487bf1d01c238da",
                "endpoint_private_access": false,
                "endpoint_public_access": true,
                "public_access_cidrs": [
                  "0.0.0.0/0"
                ],
                "security_group_ids": [
                  "sg-05ee31233ab7f6cc7"
                ],
                "subnet_ids": [
                  "subnet-096f785eab549aa18",
                  "subnet-09e56c875f1b02243"
                ],
                "vpc_id": "vpc-02d330172afacfa1c"
              }
            ]
          },
          "sensitive_attributes": []
        }
      ]
    },
    {
      "mode": "data",
      "type": "kubernetes_service",
      "name": "ingress-service",
      "provider": "provider[\"registry.terraform.io/hashicorp/kubernetes\"]",
      "instances": [
        {
          "schema_version": 0,
          "attributes": {
            "id": "default/nginx-ingress-controller",
            "metadata": [
              {
                "annotations": {
                  "meta.helm.sh/release-name": "nginx-ingress-controller",
                  "meta.helm.sh/release-namespace": "default"
                },
                "generation": 0,
                "labels": {
                  "app.kubernetes.io/component": "controller",
                  "app.kubernetes.io/instance": "nginx-ingress-controller",
                  "app.kubernetes.io/managed-by": "Helm",
                  "app.kubernetes.io/name": "nginx-ingress-controller",
                  "helm.sh/chart": "nginx-ingress-controller-9.3.33"
                },
                "name": "nginx-ingress-controller",
                "namespace": "default",
                "resource_version": "918",
                "uid": "49323b32-f370-4e79-ae93-c4ede627220f"
              }
            ],
            "spec": [
              {
                "allocate_load_balancer_node_ports": true,
                "cluster_ip": "172.20.219.193",
                "cluster_ips": [
                  "172.20.219.193"
                ],
                "external_ips": [],
                "external_name": "",
                "external_traffic_policy": "Cluster",
                "health_check_node_port": 0,
                "internal_traffic_policy": "Cluster",
                "ip_families": [
                  "IPv4"
                ],
                "ip_family_policy": "SingleStack",
                "load_balancer_class": "",
                "load_balancer_ip": "",
                "load_balancer_source_ranges": [],
                "port": [
                  {
                    "app_protocol": "",
                    "name": "http",
                    "node_port": 30371,
                    "port": 80,
                    "protocol": "TCP",
                    "target_port": "http"
                  },
                  {
                    "app_protocol": "",
                    "name": "https",
                    "node_port": 31245,
                    "port": 443,
                    "protocol": "TCP",
                    "target_port": "https"
                  }
                ],
                "publish_not_ready_addresses": false,
                "selector": {
                  "app.kubernetes.io/component": "controller",
                  "app.kubernetes.io/instance": "nginx-ingress-controller",
                  "app.kubernetes.io/name": "nginx-ingress-controller"
                },
                "session_affinity": "None",
                "session_affinity_config": [],
                "type": "LoadBalancer"
              }
            ],
            "status": [
              {
                "load_balancer": [
                  {
                    "ingress": [
                      {
                        "hostname": "a49323b32f3704e79ae93c4ede627220-621459006.us-east-1.elb.amazonaws.com",
                        "ip": ""
                      }
                    ]
                  }
                ]
              }
            ]
          },
          "sensitive_attributes": []
        }
      ]
    },
    {
      "mode": "managed",
      "type": "aws_eip",
      "name": "elastic_ip",
      "provider": "provider[\"registry.terraform.io/hashicorp/aws\"]",
      "instances": [
        {
          "schema_version": 0,
          "attributes": {
            "address": null,
            "allocation_id": "eipalloc-03c459583d77bbb1c",
            "associate_with_private_ip": null,
            "association_id": "",
            "carrier_ip": "",
            "customer_owned_ip": "",
            "customer_owned_ipv4_pool": "",
            "domain": "vpc",
            "id": "eipalloc-03c459583d77bbb1c",
            "instance": "",
            "network_border_group": "us-east-1",
            "network_interface": "",
            "private_dns": null,
            "private_ip": "",
            "public_dns": "ec2-34-202-111-90.compute-1.amazonaws.com",
            "public_ip": "34.202.111.90",
            "public_ipv4_pool": "amazon",
            "tags": {
              "Name": "eks-eip"
            },
            "tags_all": {
              "Name": "eks-eip"
            },
            "timeouts": null,
            "vpc": true
          },
          "sensitive_attributes": [],
          "private": "eyJlMmJmYjczMC1lY2FhLTExZTYtOGY4OC0zNDM2M2JjN2M0YzAiOnsiZGVsZXRlIjoxODAwMDAwMDAwMDAsInJlYWQiOjkwMDAwMDAwMDAwMCwidXBkYXRlIjozMDAwMDAwMDAwMDB9fQ==",
          "dependencies": [
            "aws_internet_gateway.internet_gateway",
            "aws_vpc.vpc"
          ]
        }
      ]
    },
    {
      "mode": "managed",
      "type": "aws_eks_cluster",
      "name": "eks-cluster",
      "provider": "provider[\"registry.terraform.io/hashicorp/aws\"]",
      "instances": [
        {
          "schema_version": 0,
          "attributes": {
            "arn": "arn:aws:eks:us-east-1:916639932950:cluster/altschool-exam-eks-cluster",
            "certificate_authority": [
              {
                "data": "LS0tLS1CRUdJTiBDRVJUSUZJQ0FURS0tLS0tCk1JSUMvakNDQWVhZ0F3SUJBZ0lCQURBTkJna3Foa2lHOXcwQkFRc0ZBREFWTVJNd0VRWURWUVFERXdwcmRXSmwKY201bGRHVnpNQjRYRFRJek1ETXlNREUwTWpreU5Gb1hEVE16TURNeE56RTBNamt5TkZvd0ZURVRNQkVHQTFVRQpBeE1LYTNWaVpYSnVaWFJsY3pDQ0FTSXdEUVlKS29aSWh2Y05BUUVCQlFBRGdnRVBBRENDQVFvQ2dnRUJBTjIxCm12bE9CWlFmS3FZWHh2cGZld2I0WjlQbDRSNkdQeThpdkhBWlNTdzRZUkdKSExweTF5dWxJbUtGTURrNVQwNmwKRmFMbTI1bERYbWtwdzJTbWJNaVE0V2xpTldJM2wwUE1jVFBmOU04b2p5NEF2Vk5UUmZQb0xTM0U3bm9qb0pDZApaK0ZSVnBIOVk1eG5JTUVMK2xJazU3ekR4Smx0TGt0N0hnZ1N0K0xrT1oxSnBLYTdxQW44ZVdBSjZ1amZkc3hGCmg3b0Y5WVBKWkQvTFdGTUlnazlMVG1vR25XQkFrUkdCSy9uQ0wxVTlyOHRScDVVeWZCbzRlK3duWFdpdjRtbXEKOTh1OWFYUFdFWVFsTlhDdG82cWY5by9sbnRjYk55U1Q2VnJHNXNiYUFML1RrTUFtNEdRN0RzTFN4MUNzUm84QwpZR2pqV1NHTVZDZzA2UWJqRHZjQ0F3RUFBYU5aTUZjd0RnWURWUjBQQVFIL0JBUURBZ0trTUE4R0ExVWRFd0VCCi93UUZNQU1CQWY4d0hRWURWUjBPQkJZRUZCSXh4QnNNNlNwUmpIaUJyZWNZZDVta1NhalFNQlVHQTFVZEVRUU8KTUF5Q0NtdDFZbVZ5Ym1WMFpYTXdEUVlKS29aSWh2Y05BUUVMQlFBRGdnRUJBTmlOaENoMkZ6clRzMUVOeHZyTQo3SFN3UzQ4ZzZVVUpsUG90QitkVnlHejJEUkpEUUtFeVFOZnJGWEZxZWJZM3NUYTIxbGdTUWhlV3RiTkZ2YmVRCnBMcURpNG4yRlUwdUMxbUFoOVdlVXVrMzA1cFU1b3lnODNzNUpHSG1tL2VHd1lNQWhpTkQyMVI1L0hmYi9KR2QKMWViMDVrbDhHKzdQUmxrLytCNHpZYzJ4MlNKN3o3WnZkQ2JJSlpQZGZvQ0xXZ2NHQU9jNTd2ekxNK2gxQ3lZMAo3Q2ZpYUdyS1JvOG05ZnFQMUxVVHhEdmtMU1NxbmhhdFRXcEZWZUZmMTJXZDNObmdIYUZCeExlT1dlV2w0UUhIClE0MzllM3lMUE5JeC9GWlpmUHp6ajRHL3NwVGhVQkw5TVNiUzE5K1lQKy80L2duY29hZjBHbis4VFlzYkwyMUgKcS9vPQotLS0tLUVORCBDRVJUSUZJQ0FURS0tLS0tCg=="
              }
            ],
            "cluster_id": null,
            "created_at": "2023-03-20 14:23:30.903 +0000 UTC",
            "enabled_cluster_log_types": null,
            "encryption_config": [],
            "endpoint": "https://32C3EBE57E82370BADFD097564524040.gr7.us-east-1.eks.amazonaws.com",
            "id": "altschool-exam-eks-cluster",
            "identity": [
              {
                "oidc": [
                  {
                    "issuer": "https://oidc.eks.us-east-1.amazonaws.com/id/32C3EBE57E82370BADFD097564524040"
                  }
                ]
              }
            ],
            "kubernetes_network_config": [
              {
                "ip_family": "ipv4",
                "service_ipv4_cidr": "172.20.0.0/16",
                "service_ipv6_cidr": ""
              }
            ],
            "name": "altschool-exam-eks-cluster",
            "outpost_config": [],
            "platform_version": "eks.1",
            "role_arn": "arn:aws:iam::916639932950:role/eks-cluster-role",
            "status": "ACTIVE",
            "tags": null,
            "tags_all": {},
            "timeouts": null,
            "version": "1.25",
            "vpc_config": [
              {
                "cluster_security_group_id": "sg-07487bf1d01c238da",
                "endpoint_private_access": false,
                "endpoint_public_access": true,
                "public_access_cidrs": [
                  "0.0.0.0/0"
                ],
                "security_group_ids": [
                  "sg-05ee31233ab7f6cc7"
                ],
                "subnet_ids": [
                  "subnet-096f785eab549aa18",
                  "subnet-09e56c875f1b02243"
                ],
                "vpc_id": "vpc-02d330172afacfa1c"
              }
            ]
          },
          "sensitive_attributes": [],
          "private": "eyJlMmJmYjczMC1lY2FhLTExZTYtOGY4OC0zNDM2M2JjN2M0YzAiOnsiY3JlYXRlIjoxODAwMDAwMDAwMDAwLCJkZWxldGUiOjkwMDAwMDAwMDAwMCwidXBkYXRlIjozNjAwMDAwMDAwMDAwfX0=",
          "dependencies": [
            "aws_iam_role.eks-cluster-role",
            "aws_iam_role_policy_attachment.eks-cluster-AmazonEKSClusterPolicy",
            "aws_iam_role_policy_attachment.eks-cluster-AmazonEKSVPCResourceController",
            "aws_security_group.eks_sg",
            "aws_subnet.private_subnets",
            "aws_vpc.vpc"
          ]
        }
      ]
    },
    {
      "mode": "managed",
      "type": "aws_eks_node_group",
      "name": "eks-node-group",
      "provider": "provider[\"registry.terraform.io/hashicorp/aws\"]",
      "instances": [
        {
          "schema_version": 0,
          "attributes": {
            "ami_type": "AL2_x86_64",
            "arn": "arn:aws:eks:us-east-1:916639932950:nodegroup/altschool-exam-eks-cluster/altschool-exam-eks-node-group/82c37fb8-142e-9f61-65d5-604214733e9d",
            "capacity_type": "ON_DEMAND",
            "cluster_name": "altschool-exam-eks-cluster",
            "disk_size": 20,
            "force_update_version": null,
            "id": "altschool-exam-eks-cluster:altschool-exam-eks-node-group",
            "instance_types": [
              "t2.medium"
            ],
            "labels": null,
            "launch_template": [],
            "node_group_name": "altschool-exam-eks-node-group",
            "node_group_name_prefix": "",
            "node_role_arn": "arn:aws:iam::916639932950:role/eks-nodes-role",
            "release_version": "1.25.6-20230304",
            "remote_access": [],
            "resources": [
              {
                "autoscaling_groups": [
                  {
                    "name": "eks-altschool-exam-eks-node-group-82c37fb8-142e-9f61-65d5-604214733e9d"
                  }
                ],
                "remote_access_security_group_id": ""
              }
            ],
            "scaling_config": [
              {
                "desired_size": 3,
                "max_size": 5,
                "min_size": 3
              }
            ],
            "status": "ACTIVE",
            "subnet_ids": [
              "subnet-096f785eab549aa18",
              "subnet-09e56c875f1b02243"
            ],
            "tags": null,
            "tags_all": {},
            "taint": [],
            "timeouts": null,
            "update_config": [
              {
                "max_unavailable": 1,
                "max_unavailable_percentage": 0
              }
            ],
            "version": "1.25"
          },
          "sensitive_attributes": [],
          "private": "eyJlMmJmYjczMC1lY2FhLTExZTYtOGY4OC0zNDM2M2JjN2M0YzAiOnsiY3JlYXRlIjozNjAwMDAwMDAwMDAwLCJkZWxldGUiOjM2MDAwMDAwMDAwMDAsInVwZGF0ZSI6MzYwMDAwMDAwMDAwMH19",
          "dependencies": [
            "aws_eks_cluster.eks-cluster",
            "aws_iam_role.eks-cluster-role",
            "aws_iam_role.eks-nodes-role",
            "aws_iam_role_policy_attachment.eks-cluster-AmazonEKSClusterPolicy",
            "aws_iam_role_policy_attachment.eks-cluster-AmazonEKSVPCResourceController",
            "aws_iam_role_policy_attachment.eks-node-AmazonEC2ContainerRegistryReadOnly",
            "aws_iam_role_policy_attachment.eks-node-AmazonEKSWorkerNodePolicy",
            "aws_iam_role_policy_attachment.eks-node-AmazonEKS_CNI_Policy",
            "aws_security_group.eks_sg",
            "aws_subnet.private_subnets",
            "aws_vpc.vpc"
          ]
        }
      ]
    },
    {
      "mode": "managed",
      "type": "aws_iam_role",
      "name": "eks-cluster-role",
      "provider": "provider[\"registry.terraform.io/hashicorp/aws\"]",
      "instances": [
        {
          "schema_version": 0,
          "attributes": {
            "arn": "arn:aws:iam::916639932950:role/eks-cluster-role",
            "assume_role_policy": "{\"Statement\":[{\"Action\":\"sts:AssumeRole\",\"Effect\":\"Allow\",\"Principal\":{\"Service\":\"eks.amazonaws.com\"}}],\"Version\":\"2012-10-17\"}",
            "create_date": "2023-03-20T14:23:08Z",
            "description": "",
            "force_detach_policies": false,
            "id": "eks-cluster-role",
            "inline_policy": [],
            "managed_policy_arns": [],
            "max_session_duration": 3600,
            "name": "eks-cluster-role",
            "name_prefix": "",
            "path": "/",
            "permissions_boundary": null,
            "tags": null,
            "tags_all": {},
            "unique_id": "AROA5K277MILGWWTF7FLW"
          },
          "sensitive_attributes": [],
          "private": "bnVsbA=="
        }
      ]
    },
    {
      "mode": "managed",
      "type": "aws_iam_role",
      "name": "eks-nodes-role",
      "provider": "provider[\"registry.terraform.io/hashicorp/aws\"]",
      "instances": [
        {
          "schema_version": 0,
          "attributes": {
            "arn": "arn:aws:iam::916639932950:role/eks-nodes-role",
            "assume_role_policy": "{\"Statement\":[{\"Action\":\"sts:AssumeRole\",\"Effect\":\"Allow\",\"Principal\":{\"Service\":\"ec2.amazonaws.com\"}}],\"Version\":\"2012-10-17\"}",
            "create_date": "2023-03-20T14:23:08Z",
            "description": "",
            "force_detach_policies": false,
            "id": "eks-nodes-role",
            "inline_policy": [],
            "managed_policy_arns": [],
            "max_session_duration": 3600,
            "name": "eks-nodes-role",
            "name_prefix": "",
            "path": "/",
            "permissions_boundary": null,
            "tags": null,
            "tags_all": {},
            "unique_id": "AROA5K277MILL6UCPXA2K"
          },
          "sensitive_attributes": [],
          "private": "bnVsbA=="
        }
      ]
    },
    {
      "mode": "managed",
      "type": "aws_iam_role_policy_attachment",
      "name": "eks-cluster-AmazonEKSClusterPolicy",
      "provider": "provider[\"registry.terraform.io/hashicorp/aws\"]",
      "instances": [
        {
          "schema_version": 0,
          "attributes": {
            "id": "eks-cluster-role-20230320142309671200000005",
            "policy_arn": "arn:aws:iam::aws:policy/AmazonEKSClusterPolicy",
            "role": "eks-cluster-role"
          },
          "sensitive_attributes": [],
          "private": "bnVsbA==",
          "dependencies": [
            "aws_iam_role.eks-cluster-role"
          ]
        }
      ]
    },
    {
      "mode": "managed",
      "type": "aws_iam_role_policy_attachment",
      "name": "eks-cluster-AmazonEKSVPCResourceController",
      "provider": "provider[\"registry.terraform.io/hashicorp/aws\"]",
      "instances": [
        {
          "schema_version": 0,
          "attributes": {
            "id": "eks-cluster-role-20230320142309807400000006",
            "policy_arn": "arn:aws:iam::aws:policy/AmazonEKSVPCResourceController",
            "role": "eks-cluster-role"
          },
          "sensitive_attributes": [],
          "private": "bnVsbA==",
          "dependencies": [
            "aws_iam_role.eks-cluster-role"
          ]
        }
      ]
    },
    {
      "mode": "managed",
      "type": "aws_iam_role_policy_attachment",
      "name": "eks-node-AmazonEC2ContainerRegistryReadOnly",
      "provider": "provider[\"registry.terraform.io/hashicorp/aws\"]",
      "instances": [
        {
          "schema_version": 0,
          "attributes": {
            "id": "eks-nodes-role-20230320142309524500000004",
            "policy_arn": "arn:aws:iam::aws:policy/AmazonEC2ContainerRegistryReadOnly",
            "role": "eks-nodes-role"
          },
          "sensitive_attributes": [],
          "private": "bnVsbA==",
          "dependencies": [
            "aws_iam_role.eks-nodes-role"
          ]
        }
      ]
    },
    {
      "mode": "managed",
      "type": "aws_iam_role_policy_attachment",
      "name": "eks-node-AmazonEKSWorkerNodePolicy",
      "provider": "provider[\"registry.terraform.io/hashicorp/aws\"]",
      "instances": [
        {
          "schema_version": 0,
          "attributes": {
            "id": "eks-nodes-role-20230320142309254700000002",
            "policy_arn": "arn:aws:iam::aws:policy/AmazonEKSWorkerNodePolicy",
            "role": "eks-nodes-role"
          },
          "sensitive_attributes": [],
          "private": "bnVsbA==",
          "dependencies": [
            "aws_iam_role.eks-nodes-role"
          ]
        }
      ]
    },
    {
      "mode": "managed",
      "type": "aws_iam_role_policy_attachment",
      "name": "eks-node-AmazonEKS_CNI_Policy",
      "provider": "provider[\"registry.terraform.io/hashicorp/aws\"]",
      "instances": [
        {
          "schema_version": 0,
          "attributes": {
            "id": "eks-nodes-role-20230320142309405900000003",
            "policy_arn": "arn:aws:iam::aws:policy/AmazonEKS_CNI_Policy",
            "role": "eks-nodes-role"
          },
          "sensitive_attributes": [],
          "private": "bnVsbA==",
          "dependencies": [
            "aws_iam_role.eks-nodes-role"
          ]
        }
      ]
    },
    {
      "mode": "managed",
      "type": "aws_internet_gateway",
      "name": "internet_gateway",
      "provider": "provider[\"registry.terraform.io/hashicorp/aws\"]",
      "instances": [
        {
          "schema_version": 0,
          "attributes": {
            "arn": "arn:aws:ec2:us-east-1:916639932950:internet-gateway/igw-0a149591967c86ff5",
            "id": "igw-0a149591967c86ff5",
            "owner_id": "916639932950",
            "tags": {
              "Name": "eks-igw"
            },
            "tags_all": {
              "Name": "eks-igw"
            },
            "timeouts": null,
            "vpc_id": "vpc-02d330172afacfa1c"
          },
          "sensitive_attributes": [],
          "private": "eyJlMmJmYjczMC1lY2FhLTExZTYtOGY4OC0zNDM2M2JjN2M0YzAiOnsiY3JlYXRlIjoxMjAwMDAwMDAwMDAwLCJkZWxldGUiOjEyMDAwMDAwMDAwMDAsInVwZGF0ZSI6MTIwMDAwMDAwMDAwMH19",
          "dependencies": [
            "aws_vpc.vpc"
          ]
        }
      ]
    },
    {
      "mode": "managed",
      "type": "aws_nat_gateway",
      "name": "nat_gateway",
      "provider": "provider[\"registry.terraform.io/hashicorp/aws\"]",
      "instances": [
        {
          "schema_version": 0,
          "attributes": {
            "allocation_id": "eipalloc-03c459583d77bbb1c",
            "connectivity_type": "public",
            "id": "nat-08bd9e90b25c895f2",
            "network_interface_id": "eni-0b0fbcedabbd433b5",
            "private_ip": "10.0.1.189",
            "public_ip": "34.202.111.90",
            "subnet_id": "subnet-0b2eab0e394475be2",
            "tags": {
              "Name": "eks-nat-gw"
            },
            "tags_all": {
              "Name": "eks-nat-gw"
            }
          },
          "sensitive_attributes": [],
          "private": "bnVsbA==",
          "dependencies": [
            "aws_eip.elastic_ip",
            "aws_internet_gateway.internet_gateway",
            "aws_subnet.public_subnets",
            "aws_vpc.vpc"
          ]
        }
      ]
    },
    {
      "mode": "managed",
      "type": "aws_route53_record",
      "name": "eks-record",
      "provider": "provider[\"registry.terraform.io/hashicorp/aws\"]",
      "instances": [
        {
          "schema_version": 2,
          "attributes": {
            "alias": [],
            "allow_overwrite": null,
            "cidr_routing_policy": [],
            "failover_routing_policy": [],
            "fqdn": "*.kingsax.me",
            "geolocation_routing_policy": [],
            "health_check_id": "",
            "id": "Z06286051DRKUTOZ1TMRZ_*.kingsax.me_CNAME",
            "latency_routing_policy": [],
            "multivalue_answer_routing_policy": false,
            "name": "*.kingsax.me",
            "records": [
              "a49323b32f3704e79ae93c4ede627220-621459006.us-east-1.elb.amazonaws.com"
            ],
            "set_identifier": "",
            "ttl": 300,
            "type": "CNAME",
            "weighted_routing_policy": [],
            "zone_id": "Z06286051DRKUTOZ1TMRZ"
          },
          "sensitive_attributes": [],
          "private": "eyJzY2hlbWFfdmVyc2lvbiI6IjIifQ==",
          "dependencies": [
            "aws_eks_cluster.eks-cluster",
            "aws_iam_role.eks-cluster-role",
            "aws_iam_role_policy_attachment.eks-cluster-AmazonEKSClusterPolicy",
            "aws_iam_role_policy_attachment.eks-cluster-AmazonEKSVPCResourceController",
            "aws_route53_zone.eks-hosted_zone",
            "aws_security_group.eks_sg",
            "aws_subnet.private_subnets",
            "aws_vpc.vpc",
            "data.aws_eks_cluster.eks-cluster",
            "data.kubernetes_service.ingress-service",
            "helm_release.nginx-ingress-controller"
          ]
        }
      ]
    },
    {
      "mode": "managed",
      "type": "aws_route53_zone",
      "name": "eks-hosted_zone",
      "provider": "provider[\"registry.terraform.io/hashicorp/aws\"]",
      "instances": [
        {
          "schema_version": 0,
          "attributes": {
            "arn": "arn:aws:route53:::hostedzone/Z06286051DRKUTOZ1TMRZ",
            "comment": "Managed by Terraform",
            "delegation_set_id": "",
            "force_destroy": false,
            "id": "Z06286051DRKUTOZ1TMRZ",
            "name": "kingsax.me",
            "name_servers": [
              "ns-1437.awsdns-51.org",
              "ns-1868.awsdns-41.co.uk",
              "ns-368.awsdns-46.com",
              "ns-616.awsdns-13.net"
            ],
            "primary_name_server": "ns-368.awsdns-46.com",
            "tags": null,
            "tags_all": {},
            "vpc": [],
            "zone_id": "Z06286051DRKUTOZ1TMRZ"
          },
          "sensitive_attributes": [],
          "private": "bnVsbA=="
        }
      ]
    },
    {
      "mode": "managed",
      "type": "aws_route_table",
      "name": "privateRT",
      "provider": "provider[\"registry.terraform.io/hashicorp/aws\"]",
      "instances": [
        {
          "schema_version": 0,
          "attributes": {
            "arn": "arn:aws:ec2:us-east-1:916639932950:route-table/rtb-0df0e09725680c973",
            "id": "rtb-0df0e09725680c973",
            "owner_id": "916639932950",
            "propagating_vgws": [],
            "route": [
              {
                "carrier_gateway_id": "",
                "cidr_block": "0.0.0.0/0",
                "core_network_arn": "",
                "destination_prefix_list_id": "",
                "egress_only_gateway_id": "",
                "gateway_id": "",
                "instance_id": "",
                "ipv6_cidr_block": "",
                "local_gateway_id": "",
                "nat_gateway_id": "nat-08bd9e90b25c895f2",
                "network_interface_id": "",
                "transit_gateway_id": "",
                "vpc_endpoint_id": "",
                "vpc_peering_connection_id": ""
              }
            ],
            "tags": {
              "Name": "eks-privateRT"
            },
            "tags_all": {
              "Name": "eks-privateRT"
            },
            "timeouts": null,
            "vpc_id": "vpc-02d330172afacfa1c"
          },
          "sensitive_attributes": [],
          "private": "eyJlMmJmYjczMC1lY2FhLTExZTYtOGY4OC0zNDM2M2JjN2M0YzAiOnsiY3JlYXRlIjozMDAwMDAwMDAwMDAsImRlbGV0ZSI6MzAwMDAwMDAwMDAwLCJ1cGRhdGUiOjEyMDAwMDAwMDAwMH19",
          "dependencies": [
            "aws_eip.elastic_ip",
            "aws_internet_gateway.internet_gateway",
            "aws_nat_gateway.nat_gateway",
            "aws_subnet.public_subnets",
            "aws_vpc.vpc"
          ]
        }
      ]
    },
    {
      "mode": "managed",
      "type": "aws_route_table",
      "name": "publicRT",
      "provider": "provider[\"registry.terraform.io/hashicorp/aws\"]",
      "instances": [
        {
          "schema_version": 0,
          "attributes": {
            "arn": "arn:aws:ec2:us-east-1:916639932950:route-table/rtb-0384ab2d2dd2d2261",
            "id": "rtb-0384ab2d2dd2d2261",
            "owner_id": "916639932950",
            "propagating_vgws": [],
            "route": [
              {
                "carrier_gateway_id": "",
                "cidr_block": "0.0.0.0/0",
                "core_network_arn": "",
                "destination_prefix_list_id": "",
                "egress_only_gateway_id": "",
                "gateway_id": "igw-0a149591967c86ff5",
                "instance_id": "",
                "ipv6_cidr_block": "",
                "local_gateway_id": "",
                "nat_gateway_id": "",
                "network_interface_id": "",
                "transit_gateway_id": "",
                "vpc_endpoint_id": "",
                "vpc_peering_connection_id": ""
              }
            ],
            "tags": {
              "Name": "eks-publicRT"
            },
            "tags_all": {
              "Name": "eks-publicRT"
            },
            "timeouts": null,
            "vpc_id": "vpc-02d330172afacfa1c"
          },
          "sensitive_attributes": [],
          "private": "eyJlMmJmYjczMC1lY2FhLTExZTYtOGY4OC0zNDM2M2JjN2M0YzAiOnsiY3JlYXRlIjozMDAwMDAwMDAwMDAsImRlbGV0ZSI6MzAwMDAwMDAwMDAwLCJ1cGRhdGUiOjEyMDAwMDAwMDAwMH19",
          "dependencies": [
            "aws_internet_gateway.internet_gateway",
            "aws_vpc.vpc"
          ]
        }
      ]
    },
    {
      "mode": "managed",
      "type": "aws_route_table_association",
      "name": "privateRT_association",
      "provider": "provider[\"registry.terraform.io/hashicorp/aws\"]",
      "instances": [
        {
          "index_key": "eks-private-1",
          "schema_version": 0,
          "attributes": {
            "gateway_id": "",
            "id": "rtbassoc-078c9ef249cb5b812",
            "route_table_id": "rtb-0df0e09725680c973",
            "subnet_id": "subnet-096f785eab549aa18"
          },
          "sensitive_attributes": [],
          "private": "bnVsbA==",
          "dependencies": [
            "aws_eip.elastic_ip",
            "aws_internet_gateway.internet_gateway",
            "aws_nat_gateway.nat_gateway",
            "aws_route_table.privateRT",
            "aws_subnet.private_subnets",
            "aws_subnet.public_subnets",
            "aws_vpc.vpc"
          ]
        },
        {
          "index_key": "eks-private-2",
          "schema_version": 0,
          "attributes": {
            "gateway_id": "",
            "id": "rtbassoc-0f43334c7943fb5cf",
            "route_table_id": "rtb-0df0e09725680c973",
            "subnet_id": "subnet-09e56c875f1b02243"
          },
          "sensitive_attributes": [],
          "private": "bnVsbA==",
          "dependencies": [
            "aws_eip.elastic_ip",
            "aws_internet_gateway.internet_gateway",
            "aws_nat_gateway.nat_gateway",
            "aws_route_table.privateRT",
            "aws_subnet.private_subnets",
            "aws_subnet.public_subnets",
            "aws_vpc.vpc"
          ]
        }
      ]
    },
    {
      "mode": "managed",
      "type": "aws_route_table_association",
      "name": "publicRT_association",
      "provider": "provider[\"registry.terraform.io/hashicorp/aws\"]",
      "instances": [
        {
          "index_key": "eks-public-1",
          "schema_version": 0,
          "attributes": {
            "gateway_id": "",
            "id": "rtbassoc-0da6afd04e89438dc",
            "route_table_id": "rtb-0384ab2d2dd2d2261",
            "subnet_id": "subnet-0b2eab0e394475be2"
          },
          "sensitive_attributes": [],
          "private": "bnVsbA==",
          "dependencies": [
            "aws_internet_gateway.internet_gateway",
            "aws_route_table.publicRT",
            "aws_subnet.public_subnets",
            "aws_vpc.vpc"
          ]
        },
        {
          "index_key": "eks-public-2",
          "schema_version": 0,
          "attributes": {
            "gateway_id": "",
            "id": "rtbassoc-07fdac06983831790",
            "route_table_id": "rtb-0384ab2d2dd2d2261",
            "subnet_id": "subnet-0ec1652703efaf359"
          },
          "sensitive_attributes": [],
          "private": "bnVsbA==",
          "dependencies": [
            "aws_internet_gateway.internet_gateway",
            "aws_route_table.publicRT",
            "aws_subnet.public_subnets",
            "aws_vpc.vpc"
          ]
        }
      ]
    },
    {
      "mode": "managed",
      "type": "aws_security_group",
      "name": "eks_sg",
      "provider": "provider[\"registry.terraform.io/hashicorp/aws\"]",
      "instances": [
        {
          "schema_version": 1,
          "attributes": {
            "arn": "arn:aws:ec2:us-east-1:916639932950:security-group/sg-05ee31233ab7f6cc7",
            "description": "security group for eks cluster",
            "egress": [
              {
                "cidr_blocks": [
                  "0.0.0.0/0"
                ],
                "description": "",
                "from_port": 0,
                "ipv6_cidr_blocks": [
                  "::/0"
                ],
                "prefix_list_ids": [],
                "protocol": "-1",
                "security_groups": [],
                "self": false,
                "to_port": 0
              }
            ],
            "id": "sg-05ee31233ab7f6cc7",
            "ingress": [
              {
                "cidr_blocks": [
                  "0.0.0.0/0"
                ],
                "description": "",
                "from_port": 0,
                "ipv6_cidr_blocks": [],
                "prefix_list_ids": [],
                "protocol": "tcp",
                "security_groups": [],
                "self": false,
                "to_port": 65535
              }
            ],
            "name": "eks_sg",
            "name_prefix": "",
            "owner_id": "916639932950",
            "revoke_rules_on_delete": false,
            "tags": {
              "Name": "eks_sg"
            },
            "tags_all": {
              "Name": "eks_sg"
            },
            "timeouts": null,
            "vpc_id": "vpc-02d330172afacfa1c"
          },
          "sensitive_attributes": [],
          "private": "eyJlMmJmYjczMC1lY2FhLTExZTYtOGY4OC0zNDM2M2JjN2M0YzAiOnsiY3JlYXRlIjo2MDAwMDAwMDAwMDAsImRlbGV0ZSI6OTAwMDAwMDAwMDAwfSwic2NoZW1hX3ZlcnNpb24iOiIxIn0=",
          "dependencies": [
            "aws_vpc.vpc"
          ]
        }
      ]
    },
    {
      "mode": "managed",
      "type": "aws_subnet",
      "name": "private_subnets",
      "provider": "provider[\"registry.terraform.io/hashicorp/aws\"]",
      "instances": [
        {
          "index_key": "eks-private-1",
          "schema_version": 1,
          "attributes": {
            "arn": "arn:aws:ec2:us-east-1:916639932950:subnet/subnet-096f785eab549aa18",
            "assign_ipv6_address_on_creation": false,
            "availability_zone": "us-east-1a",
            "availability_zone_id": "use1-az2",
            "cidr_block": "10.0.3.0/24",
            "customer_owned_ipv4_pool": "",
            "enable_dns64": false,
            "enable_resource_name_dns_a_record_on_launch": false,
            "enable_resource_name_dns_aaaa_record_on_launch": false,
            "id": "subnet-096f785eab549aa18",
            "ipv6_cidr_block": "",
            "ipv6_cidr_block_association_id": "",
            "ipv6_native": false,
            "map_customer_owned_ip_on_launch": false,
            "map_public_ip_on_launch": false,
            "outpost_arn": "",
            "owner_id": "916639932950",
            "private_dns_hostname_type_on_launch": "ip-name",
            "tags": {
              "Name": "eks-private-1"
            },
            "tags_all": {
              "Name": "eks-private-1"
            },
            "timeouts": null,
            "vpc_id": "vpc-02d330172afacfa1c"
          },
          "sensitive_attributes": [],
          "private": "eyJlMmJmYjczMC1lY2FhLTExZTYtOGY4OC0zNDM2M2JjN2M0YzAiOnsiY3JlYXRlIjo2MDAwMDAwMDAwMDAsImRlbGV0ZSI6MTIwMDAwMDAwMDAwMH0sInNjaGVtYV92ZXJzaW9uIjoiMSJ9",
          "dependencies": [
            "aws_vpc.vpc"
          ]
        },
        {
          "index_key": "eks-private-2",
          "schema_version": 1,
          "attributes": {
            "arn": "arn:aws:ec2:us-east-1:916639932950:subnet/subnet-09e56c875f1b02243",
            "assign_ipv6_address_on_creation": false,
            "availability_zone": "us-east-1b",
            "availability_zone_id": "use1-az4",
            "cidr_block": "10.0.4.0/24",
            "customer_owned_ipv4_pool": "",
            "enable_dns64": false,
            "enable_resource_name_dns_a_record_on_launch": false,
            "enable_resource_name_dns_aaaa_record_on_launch": false,
            "id": "subnet-09e56c875f1b02243",
            "ipv6_cidr_block": "",
            "ipv6_cidr_block_association_id": "",
            "ipv6_native": false,
            "map_customer_owned_ip_on_launch": false,
            "map_public_ip_on_launch": false,
            "outpost_arn": "",
            "owner_id": "916639932950",
            "private_dns_hostname_type_on_launch": "ip-name",
            "tags": {
              "Name": "eks-private-2"
            },
            "tags_all": {
              "Name": "eks-private-2"
            },
            "timeouts": null,
            "vpc_id": "vpc-02d330172afacfa1c"
          },
          "sensitive_attributes": [],
          "private": "eyJlMmJmYjczMC1lY2FhLTExZTYtOGY4OC0zNDM2M2JjN2M0YzAiOnsiY3JlYXRlIjo2MDAwMDAwMDAwMDAsImRlbGV0ZSI6MTIwMDAwMDAwMDAwMH0sInNjaGVtYV92ZXJzaW9uIjoiMSJ9",
          "dependencies": [
            "aws_vpc.vpc"
          ]
        }
      ]
    },
    {
      "mode": "managed",
      "type": "aws_subnet",
      "name": "public_subnets",
      "provider": "provider[\"registry.terraform.io/hashicorp/aws\"]",
      "instances": [
        {
          "index_key": "eks-public-1",
          "schema_version": 1,
          "attributes": {
            "arn": "arn:aws:ec2:us-east-1:916639932950:subnet/subnet-0b2eab0e394475be2",
            "assign_ipv6_address_on_creation": false,
            "availability_zone": "us-east-1a",
            "availability_zone_id": "use1-az2",
            "cidr_block": "10.0.1.0/24",
            "customer_owned_ipv4_pool": "",
            "enable_dns64": false,
            "enable_resource_name_dns_a_record_on_launch": false,
            "enable_resource_name_dns_aaaa_record_on_launch": false,
            "id": "subnet-0b2eab0e394475be2",
            "ipv6_cidr_block": "",
            "ipv6_cidr_block_association_id": "",
            "ipv6_native": false,
            "map_customer_owned_ip_on_launch": false,
            "map_public_ip_on_launch": true,
            "outpost_arn": "",
            "owner_id": "916639932950",
            "private_dns_hostname_type_on_launch": "ip-name",
            "tags": {
              "Name": "eks-public-1"
            },
            "tags_all": {
              "Name": "eks-public-1"
            },
            "timeouts": null,
            "vpc_id": "vpc-02d330172afacfa1c"
          },
          "sensitive_attributes": [],
          "private": "eyJlMmJmYjczMC1lY2FhLTExZTYtOGY4OC0zNDM2M2JjN2M0YzAiOnsiY3JlYXRlIjo2MDAwMDAwMDAwMDAsImRlbGV0ZSI6MTIwMDAwMDAwMDAwMH0sInNjaGVtYV92ZXJzaW9uIjoiMSJ9",
          "dependencies": [
            "aws_vpc.vpc"
          ]
        },
        {
          "index_key": "eks-public-2",
          "schema_version": 1,
          "attributes": {
            "arn": "arn:aws:ec2:us-east-1:916639932950:subnet/subnet-0ec1652703efaf359",
            "assign_ipv6_address_on_creation": false,
            "availability_zone": "us-east-1b",
            "availability_zone_id": "use1-az4",
            "cidr_block": "10.0.2.0/24",
            "customer_owned_ipv4_pool": "",
            "enable_dns64": false,
            "enable_resource_name_dns_a_record_on_launch": false,
            "enable_resource_name_dns_aaaa_record_on_launch": false,
            "id": "subnet-0ec1652703efaf359",
            "ipv6_cidr_block": "",
            "ipv6_cidr_block_association_id": "",
            "ipv6_native": false,
            "map_customer_owned_ip_on_launch": false,
            "map_public_ip_on_launch": true,
            "outpost_arn": "",
            "owner_id": "916639932950",
            "private_dns_hostname_type_on_launch": "ip-name",
            "tags": {
              "Name": "eks-public-2"
            },
            "tags_all": {
              "Name": "eks-public-2"
            },
            "timeouts": null,
            "vpc_id": "vpc-02d330172afacfa1c"
          },
          "sensitive_attributes": [],
          "private": "eyJlMmJmYjczMC1lY2FhLTExZTYtOGY4OC0zNDM2M2JjN2M0YzAiOnsiY3JlYXRlIjo2MDAwMDAwMDAwMDAsImRlbGV0ZSI6MTIwMDAwMDAwMDAwMH0sInNjaGVtYV92ZXJzaW9uIjoiMSJ9",
          "dependencies": [
            "aws_vpc.vpc"
          ]
        }
      ]
    },
    {
      "mode": "managed",
      "type": "aws_vpc",
      "name": "vpc",
      "provider": "provider[\"registry.terraform.io/hashicorp/aws\"]",
      "instances": [
        {
          "schema_version": 1,
          "attributes": {
            "arn": "arn:aws:ec2:us-east-1:916639932950:vpc/vpc-02d330172afacfa1c",
            "assign_generated_ipv6_cidr_block": false,
            "cidr_block": "10.0.0.0/16",
            "default_network_acl_id": "acl-01aaac990cdcf2e81",
            "default_route_table_id": "rtb-05590902f96350e4d",
            "default_security_group_id": "sg-0236baeb67d729405",
            "dhcp_options_id": "dopt-0700f5417bedba295",
            "enable_classiclink": false,
            "enable_classiclink_dns_support": false,
            "enable_dns_hostnames": true,
            "enable_dns_support": true,
            "enable_network_address_usage_metrics": false,
            "id": "vpc-02d330172afacfa1c",
            "instance_tenancy": "default",
            "ipv4_ipam_pool_id": null,
            "ipv4_netmask_length": null,
            "ipv6_association_id": "",
            "ipv6_cidr_block": "",
            "ipv6_cidr_block_network_border_group": "",
            "ipv6_ipam_pool_id": "",
            "ipv6_netmask_length": 0,
            "main_route_table_id": "rtb-05590902f96350e4d",
            "owner_id": "916639932950",
            "tags": {
              "Name": "eks-vpc"
            },
            "tags_all": {
              "Name": "eks-vpc"
            }
          },
          "sensitive_attributes": [],
          "private": "eyJzY2hlbWFfdmVyc2lvbiI6IjEifQ=="
        }
      ]
    },
    {
      "mode": "managed",
      "type": "helm_release",
      "name": "nginx-ingress-controller",
      "provider": "provider[\"registry.terraform.io/hashicorp/helm\"]",
      "instances": [
        {
          "schema_version": 1,
          "attributes": {
            "atomic": false,
            "chart": "nginx-ingress-controller",
            "cleanup_on_fail": false,
            "create_namespace": false,
            "dependency_update": false,
            "description": null,
            "devel": null,
            "disable_crd_hooks": false,
            "disable_openapi_validation": false,
            "disable_webhooks": false,
            "force_update": false,
            "id": "nginx-ingress-controller",
            "keyring": null,
            "lint": false,
            "manifest": null,
            "max_history": 0,
            "metadata": [
              {
                "app_version": "1.6.4",
                "chart": "nginx-ingress-controller",
                "name": "nginx-ingress-controller",
                "namespace": "default",
                "revision": 1,
                "values": "{\"service\":{\"type\":\"LoadBalancer\"}}",
                "version": "9.3.33"
              }
            ],
            "name": "nginx-ingress-controller",
            "namespace": "default",
            "pass_credentials": false,
            "postrender": [],
            "recreate_pods": false,
            "render_subchart_notes": true,
            "replace": false,
            "repository": "https://charts.bitnami.com/bitnami",
            "repository_ca_file": null,
            "repository_cert_file": null,
            "repository_key_file": null,
            "repository_password": null,
            "repository_username": null,
            "reset_values": false,
            "reuse_values": false,
            "set": [
              {
                "name": "service.type",
                "type": "",
                "value": "LoadBalancer"
              }
            ],
            "set_sensitive": [],
            "skip_crds": false,
            "status": "deployed",
            "timeout": 300,
            "values": null,
            "verify": false,
            "version": "9.3.33",
            "wait": true,
            "wait_for_jobs": false
          },
          "sensitive_attributes": [],
          "private": "eyJzY2hlbWFfdmVyc2lvbiI6IjEifQ==",
          "dependencies": [
            "aws_eks_cluster.eks-cluster",
            "aws_iam_role.eks-cluster-role",
            "aws_iam_role_policy_attachment.eks-cluster-AmazonEKSClusterPolicy",
            "aws_iam_role_policy_attachment.eks-cluster-AmazonEKSVPCResourceController",
            "aws_security_group.eks_sg",
            "aws_subnet.private_subnets",
            "aws_vpc.vpc",
            "data.aws_eks_cluster.eks-cluster"
          ]
        }
      ]
    }
  ],
  "check_results": null
}
